
Microsoft Visual Studio Solution File, Format Version 12.00
# Visual Studio Version 17
VisualStudioVersion = 17.14.36518.9 d17.14
MinimumVisualStudioVersion = 10.0.40219.1
Project("{FAE04EC0-301F-11D3-BF4B-00C04F79EFBC}") = "Cute Vending Machine", "Cute Vending Machine\Cute Vending Machine.csproj", "{7D230F7E-C2B6-4399-B1FB-07D23D602831}"
EndProject
Global
	GlobalSection(SolutionConfigurationPlatforms) = preSolution
		Debug|Any CPU = Debug|Any CPU
		Release|Any CPU = Release|Any CPU
	EndGlobalSection
	GlobalSection(ProjectConfigurationPlatforms) = postSolution
		{7D230F7E-C2B6-4399-B1FB-07D23D602831}.Debug|Any CPU.ActiveCfg = Debug|Any CPU
		{7D230F7E-C2B6-4399-B1FB-07D23D602831}.Debug|Any CPU.Build.0 = Debug|Any CPU
		{7D230F7E-C2B6-4399-B1FB-07D23D602831}.Release|Any CPU.ActiveCfg = Release|Any CPU
		{7D230F7E-C2B6-4399-B1FB-07D23D602831}.Release|Any CPU.Build.0 = Release|Any CPU
	EndGlobalSection
	GlobalSection(SolutionProperties) = preSolution
		HideSolutionNode = FALSE
	EndGlobalSection
	GlobalSection(ExtensibilityGlobals) = postSolution
		SolutionGuid = {49E00965-3B78-4797-9877-0EA1F525ECF0}
	EndGlobalSection
EndGlobal
